
Microsoft Visual Studio Solution File, Format Version 12.00
# Visual Studio 2015
Project("{FAE04EC0-301F-11D3-BF4B-00C04F79EFBC}") = "Escape_2D.CSharp.Plugins", "Escape_2D.CSharp.Plugins.csproj", "{352300DC-A033-D71E-3C7C-92F15D9E6576}"
EndProject
Project("{FAE04EC0-301F-11D3-BF4B-00C04F79EFBC}") = "Escape_2D.CSharp", "Escape_2D.CSharp.csproj", "{3A07BCF3-8D3B-E07F-2501-4F552E5A4088}"
EndProject
Project("{FAE04EC0-301F-11D3-BF4B-00C04F79EFBC}") = "Escape_2D.CSharp.Editor", "Escape_2D.CSharp.Editor.csproj", "{8005B10C-197C-9DEA-E60D-57AD248B8C38}"
EndProject
Global
	GlobalSection(SolutionConfigurationPlatforms) = preSolution
		Debug|Any CPU = Debug|Any CPU
		Release|Any CPU = Release|Any CPU
	EndGlobalSection
	GlobalSection(ProjectConfigurationPlatforms) = postSolution
		{352300DC-A033-D71E-3C7C-92F15D9E6576}.Debug|Any CPU.ActiveCfg = Debug|Any CPU
		{352300DC-A033-D71E-3C7C-92F15D9E6576}.Debug|Any CPU.Build.0 = Debug|Any CPU
		{352300DC-A033-D71E-3C7C-92F15D9E6576}.Release|Any CPU.ActiveCfg = Release|Any CPU
		{352300DC-A033-D71E-3C7C-92F15D9E6576}.Release|Any CPU.Build.0 = Release|Any CPU
		{3A07BCF3-8D3B-E07F-2501-4F552E5A4088}.Debug|Any CPU.ActiveCfg = Debug|Any CPU
		{3A07BCF3-8D3B-E07F-2501-4F552E5A4088}.Debug|Any CPU.Build.0 = Debug|Any CPU
		{3A07BCF3-8D3B-E07F-2501-4F552E5A4088}.Release|Any CPU.ActiveCfg = Release|Any CPU
		{3A07BCF3-8D3B-E07F-2501-4F552E5A4088}.Release|Any CPU.Build.0 = Release|Any CPU
		{8005B10C-197C-9DEA-E60D-57AD248B8C38}.Debug|Any CPU.ActiveCfg = Debug|Any CPU
		{8005B10C-197C-9DEA-E60D-57AD248B8C38}.Debug|Any CPU.Build.0 = Debug|Any CPU
		{8005B10C-197C-9DEA-E60D-57AD248B8C38}.Release|Any CPU.ActiveCfg = Release|Any CPU
		{8005B10C-197C-9DEA-E60D-57AD248B8C38}.Release|Any CPU.Build.0 = Release|Any CPU
	EndGlobalSection
	GlobalSection(SolutionProperties) = preSolution
		HideSolutionNode = FALSE
	EndGlobalSection
EndGlobal
