Microsoft Visual Studio Solution File, Format Version 11.00
# Visual Studio 2008

Project("{2B1B6DDA-1E53-A41A-F1AD-9A77046E1565}") = "Escape_2D", "Assembly-CSharp.csproj", "{7712983C-8D1A-183E-902F-23D2BAE40BBE}"
EndProject
Project("{2B1B6DDA-1E53-A41A-F1AD-9A77046E1565}") = "Escape_2D", "Assembly-CSharp-Editor.csproj", "{1212CA75-FB95-8C29-932B-2EC1DBF2EE8C}"
EndProject
Global
	GlobalSection(SolutionConfigurationPlatforms) = preSolution
		Debug|Any CPU = Debug|Any CPU
		Release|Any CPU = Release|Any CPU
	EndGlobalSection
	GlobalSection(ProjectConfigurationPlatforms) = postSolution
		{7712983C-8D1A-183E-902F-23D2BAE40BBE}.Debug|Any CPU.ActiveCfg = Debug|Any CPU
		{7712983C-8D1A-183E-902F-23D2BAE40BBE}.Debug|Any CPU.Build.0 = Debug|Any CPU
		{7712983C-8D1A-183E-902F-23D2BAE40BBE}.Release|Any CPU.ActiveCfg = Release|Any CPU
		{7712983C-8D1A-183E-902F-23D2BAE40BBE}.Release|Any CPU.Build.0 = Release|Any CPU
		{1212CA75-FB95-8C29-932B-2EC1DBF2EE8C}.Debug|Any CPU.ActiveCfg = Debug|Any CPU
		{1212CA75-FB95-8C29-932B-2EC1DBF2EE8C}.Debug|Any CPU.Build.0 = Debug|Any CPU
		{1212CA75-FB95-8C29-932B-2EC1DBF2EE8C}.Release|Any CPU.ActiveCfg = Release|Any CPU
		{1212CA75-FB95-8C29-932B-2EC1DBF2EE8C}.Release|Any CPU.Build.0 = Release|Any CPU
	EndGlobalSection
	GlobalSection(SolutionProperties) = preSolution
		HideSolutionNode = FALSE
	EndGlobalSection
	GlobalSection(MonoDevelopProperties) = preSolution
		StartupItem = Assembly-CSharp.csproj
	EndGlobalSection
EndGlobal
